// !$*UTF8*$!
{
	archiveVersion = 1;
	classes = {
	};
	objectVersion = 50;
	objects = {

/* Begin PBXBuildFile section */
		A7250B34268FFE95009FC477 /* AppDelegate.swift in Sources */ = {isa = PBXBuildFile; fileRef = A7250B33268FFE95009FC477 /* AppDelegate.swift */; };
		A7250B36268FFE95009FC477 /* SceneDelegate.swift in Sources */ = {isa = PBXBuildFile; fileRef = A7250B35268FFE95009FC477 /* SceneDelegate.swift */; };
		A7250B38268FFE95009FC477 /* ViewController.swift in Sources */ = {isa = PBXBuildFile; fileRef = A7250B37268FFE95009FC477 /* ViewController.swift */; };
		A7250B3B268FFE95009FC477 /* Main.storyboard in Resources */ = {isa = PBXBuildFile; fileRef = A7250B39268FFE95009FC477 /* Main.storyboard */; };
		A7250B3D268FFE96009FC477 /* Assets.xcassets in Resources */ = {isa = PBXBuildFile; fileRef = A7250B3C268FFE96009FC477 /* Assets.xcassets */; };
		A7250B40268FFE96009FC477 /* LaunchScreen.storyboard in Resources */ = {isa = PBXBuildFile; fileRef = A7250B3E268FFE96009FC477 /* LaunchScreen.storyboard */; };
		A7250B4B268FFE96009FC477 /* iOSUITestTests.swift in Sources */ = {isa = PBXBuildFile; fileRef = A7250B4A268FFE96009FC477 /* iOSUITestTests.swift */; };
		A7250B56268FFE96009FC477 /* iOSUITestUITests.swift in Sources */ = {isa = PBXBuildFile; fileRef = A7250B55268FFE96009FC477 /* iOSUITestUITests.swift */; };
/* End PBXBuildFile section */

/* Begin PBXContainerItemProxy section */
		A7250B47268FFE96009FC477 /* PBXContainerItemProxy */ = {
			isa = PBXContainerItemProxy;
			containerPortal = A7250B28268FFE95009FC477 /* Project object */;
			proxyType = 1;
			remoteGlobalIDString = A7250B2F268FFE95009FC477;
			remoteInfo = iOSUITest;
		};
		A7250B52268FFE96009FC477 /* PBXContainerItemProxy */ = {
			isa = PBXContainerItemProxy;
			containerPortal = A7250B28268FFE95009FC477 /* Project object */;
			proxyType = 1;
			remoteGlobalIDString = A7250B2F268FFE95009FC477;
			remoteInfo = iOSUITest;
		};
/* End PBXContainerItemProxy section */

/* Begin PBXFileReference section */
		A7250B30268FFE95009FC477 /* iOSUITest.app */ = {isa = PBXFileReference; explicitFileType = wrapper.application; includeInIndex = 0; path = iOSUITest.app; sourceTree = BUILT_PRODUCTS_DIR; };
		A7250B33268FFE95009FC477 /* AppDelegate.swift */ = {isa = PBXFileReference; lastKnownFileType = sourcecode.swift; path = AppDelegate.swift; sourceTree = "<group>"; };
		A7250B35268FFE95009FC477 /* SceneDelegate.swift */ = {isa = PBXFileReference; lastKnownFileType = sourcecode.swift; path = SceneDelegate.swift; sourceTree = "<group>"; };
		A7250B37268FFE95009FC477 /* ViewController.swift */ = {isa = PBXFileReference; lastKnownFileType = sourcecode.swift; path = ViewController.swift; sourceTree = "<group>"; };
		A7250B3A268FFE95009FC477 /* Base */ = {isa = PBXFileReference; lastKnownFileType = file.storyboard; name = Base; path = Base.lproj/Main.storyboard; sourceTree = "<group>"; };
		A7250B3C268FFE96009FC477 /* Assets.xcassets */ = {isa = PBXFileReference; lastKnownFileType = folder.assetcatalog; path = Assets.xcassets; sourceTree = "<group>"; };
		A7250B3F268FFE96009FC477 /* Base */ = {isa = PBXFileReference; lastKnownFileType = file.storyboard; name = Base; path = Base.lproj/LaunchScreen.storyboard; sourceTree = "<group>"; };
		A7250B41268FFE96009FC477 /* Info.plist */ = {isa = PBXFileReference; lastKnownFileType = text.plist.xml; path = Info.plist; sourceTree = "<group>"; };
		A7250B46268FFE96009FC477 /* iOSUITestTests.xctest */ = {isa = PBXFileReference; explicitFileType = wrapper.cfbundle; includeInIndex = 0; path = iOSUITestTests.xctest; sourceTree = BUILT_PRODUCTS_DIR; };
		A7250B4A268FFE96009FC477 /* iOSUITestTests.swift */ = {isa = PBXFileReference; lastKnownFileType = sourcecode.swift; path = iOSUITestTests.swift; sourceTree = "<group>"; };
		A7250B4C268FFE96009FC477 /* Info.plist */ = {isa = PBXFileReference; lastKnownFileType = text.plist.xml; path = Info.plist; sourceTree = "<group>"; };
		A7250B51268FFE96009FC477 /* iOSUITestUITests.xctest */ = {isa = PBXFileReference; explicitFileType = wrapper.cfbundle; includeInIndex = 0; path = iOSUITestUITests.xctest; sourceTree = BUILT_PRODUCTS_DIR; };
		A7250B55268FFE96009FC477 /* iOSUITestUITests.swift */ = {isa = PBXFileReference; lastKnownFileType = sourcecode.swift; path = iOSUITestUITests.swift; sourceTree = "<group>"; };
		A7250B57268FFE96009FC477 /* Info.plist */ = {isa = PBXFileReference; lastKnownFileType = text.plist.xml; path = Info.plist; sourceTree = "<group>"; };
/* End PBXFileReference section */

/* Begin PBXFrameworksBuildPhase section */
		A7250B2D268FFE95009FC477 /* Frameworks */ = {
			isa = PBXFrameworksBuildPhase;
			buildActionMask = 2147483647;
			files = (
			);
			runOnlyForDeploymentPostprocessing = 0;
		};
		A7250B43268FFE96009FC477 /* Frameworks */ = {
			isa = PBXFrameworksBuildPhase;
			buildActionMask = 2147483647;
			files = (
			);
			runOnlyForDeploymentPostprocessing = 0;
		};
		A7250B4E268FFE96009FC477 /* Frameworks */ = {
			isa = PBXFrameworksBuildPhase;
			buildActionMask = 2147483647;
			files = (
			);
			runOnlyForDeploymentPostprocessing = 0;
		};
/* End PBXFrameworksBuildPhase section */

/* Begin PBXGroup section */
		A7250B27268FFE95009FC477 = {
			isa = PBXGroup;
			children = (
				A7250B32268FFE95009FC477 /* iOSUITest */,
				A7250B49268FFE96009FC477 /* iOSUITestTests */,
				A7250B54268FFE96009FC477 /* iOSUITestUITests */,
				A7250B31268FFE95009FC477 /* Products */,
			);
			sourceTree = "<group>";
		};
		A7250B31268FFE95009FC477 /* Products */ = {
			isa = PBXGroup;
			children = (
				A7250B30268FFE95009FC477 /* iOSUITest.app */,
				A7250B46268FFE96009FC477 /* iOSUITestTests.xctest */,
				A7250B51268FFE96009FC477 /* iOSUITestUITests.xctest */,
			);
			name = Products;
			sourceTree = "<group>";
		};
		A7250B32268FFE95009FC477 /* iOSUITest */ = {
			isa = PBXGroup;
			children = (
				A7250B33268FFE95009FC477 /* AppDelegate.swift */,
				A7250B35268FFE95009FC477 /* SceneDelegate.swift */,
				A7250B37268FFE95009FC477 /* ViewController.swift */,
				A7250B39268FFE95009FC477 /* Main.storyboard */,
				A7250B3C268FFE96009FC477 /* Assets.xcassets */,
				A7250B3E268FFE96009FC477 /* LaunchScreen.storyboard */,
				A7250B41268FFE96009FC477 /* Info.plist */,
			);
			path = iOSUITest;
			sourceTree = "<group>";
		};
		A7250B49268FFE96009FC477 /* iOSUITestTests */ = {
			isa = PBXGroup;
			children = (
				A7250B4A268FFE96009FC477 /* iOSUITestTests.swift */,
				A7250B4C268FFE96009FC477 /* Info.plist */,
			);
			path = iOSUITestTests;
			sourceTree = "<group>";
		};
		A7250B54268FFE96009FC477 /* iOSUITestUITests */ = {
			isa = PBXGroup;
			children = (
				A7250B55268FFE96009FC477 /* iOSUITestUITests.swift */,
				A7250B57268FFE96009FC477 /* Info.plist */,
			);
			path = iOSUITestUITests;
			sourceTree = "<group>";
		};
/* End PBXGroup section */

/* Begin PBXNativeTarget section */
		A7250B2F268FFE95009FC477 /* iOSUITest */ = {
			isa = PBXNativeTarget;
			buildConfigurationList = A7250B5A268FFE96009FC477 /* Build configuration list for PBXNativeTarget "iOSUITest" */;
			buildPhases = (
				A7250B2C268FFE95009FC477 /* Sources */,
				A7250B2D268FFE95009FC477 /* Frameworks */,
				A7250B2E268FFE95009FC477 /* Resources */,
			);
			buildRules = (
			);
			dependencies = (
			);
			name = iOSUITest;
			productName = iOSUITest;
			productReference = A7250B30268FFE95009FC477 /* iOSUITest.app */;
			productType = "com.apple.product-type.application";
		};
		A7250B45268FFE96009FC477 /* iOSUITestTests */ = {
			isa = PBXNativeTarget;
			buildConfigurationList = A7250B5D268FFE96009FC477 /* Build configuration list for PBXNativeTarget "iOSUITestTests" */;
			buildPhases = (
				A7250B42268FFE96009FC477 /* Sources */,
				A7250B43268FFE96009FC477 /* Frameworks */,
				A7250B44268FFE96009FC477 /* Resources */,
			);
			buildRules = (
			);
			dependencies = (
				A7250B48268FFE96009FC477 /* PBXTargetDependency */,
			);
			name = iOSUITestTests;
			productName = iOSUITestTests;
			productReference = A7250B46268FFE96009FC477 /* iOSUITestTests.xctest */;
			productType = "com.apple.product-type.bundle.unit-test";
		};
		A7250B50268FFE96009FC477 /* iOSUITestUITests */ = {
			isa = PBXNativeTarget;
			buildConfigurationList = A7250B60268FFE96009FC477 /* Build configuration list for PBXNativeTarget "iOSUITestUITests" */;
			buildPhases = (
				A7250B4D268FFE96009FC477 /* Sources */,
				A7250B4E268FFE96009FC477 /* Frameworks */,
				A7250B4F268FFE96009FC477 /* Resources */,
			);
			buildRules = (
			);
			dependencies = (
				A7250B53268FFE96009FC477 /* PBXTargetDependency */,
			);
			name = iOSUITestUITests;
			productName = iOSUITestUITests;
			productReference = A7250B51268FFE96009FC477 /* iOSUITestUITests.xctest */;
			productType = "com.apple.product-type.bundle.ui-testing";
		};
/* End PBXNativeTarget section */

/* Begin PBXProject section */
		A7250B28268FFE95009FC477 /* Project object */ = {
			isa = PBXProject;
			attributes = {
				LastSwiftUpdateCheck = 1250;
				LastUpgradeCheck = 1250;
				TargetAttributes = {
					A7250B2F268FFE95009FC477 = {
						CreatedOnToolsVersion = 12.5.1;
					};
					A7250B45268FFE96009FC477 = {
						CreatedOnToolsVersion = 12.5.1;
						TestTargetID = A7250B2F268FFE95009FC477;
					};
					A7250B50268FFE96009FC477 = {
						CreatedOnToolsVersion = 12.5.1;
						TestTargetID = A7250B2F268FFE95009FC477;
					};
				};
			};
			buildConfigurationList = A7250B2B268FFE95009FC477 /* Build configuration list for PBXProject "iOSUITest" */;
			compatibilityVersion = "Xcode 9.3";
			developmentRegion = en;
			hasScannedForEncodings = 0;
			knownRegions = (
				en,
				Base,
			);
			mainGroup = A7250B27268FFE95009FC477;
			productRefGroup = A7250B31268FFE95009FC477 /* Products */;
			projectDirPath = "";
			projectRoot = "";
			targets = (
				A7250B2F268FFE95009FC477 /* iOSUITest */,
				A7250B45268FFE96009FC477 /* iOSUITestTests */,
				A7250B50268FFE96009FC477 /* iOSUITestUITests */,
			);
		};
/* End PBXProject section */

/* Begin PBXResourcesBuildPhase section */
		A7250B2E268FFE95009FC477 /* Resources */ = {
			isa = PBXResourcesBuildPhase;
			buildActionMask = 2147483647;
			files = (
				A7250B40268FFE96009FC477 /* LaunchScreen.storyboard in Resources */,
				A7250B3D268FFE96009FC477 /* Assets.xcassets in Resources */,
				A7250B3B268FFE95009FC477 /* Main.storyboard in Resources */,
			);
			runOnlyForDeploymentPostprocessing = 0;
		};
		A7250B44268FFE96009FC477 /* Resources */ = {
			isa = PBXResourcesBuildPhase;
			buildActionMask = 2147483647;
			files = (
			);
			runOnlyForDeploymentPostprocessing = 0;
		};
		A7250B4F268FFE96009FC477 /* Resources */ = {
			isa = PBXResourcesBuildPhase;
			buildActionMask = 2147483647;
			files = (
			);
			runOnlyForDeploymentPostprocessing = 0;
		};
/* End PBXResourcesBuildPhase section */

/* Begin PBXSourcesBuildPhase section */
		A7250B2C268FFE95009FC477 /* Sources */ = {
			isa = PBXSourcesBuildPhase;
			buildActionMask = 2147483647;
			files = (
				A7250B38268FFE95009FC477 /* ViewController.swift in Sources */,
				A7250B34268FFE95009FC477 /* AppDelegate.swift in Sources */,
				A7250B36268FFE95009FC477 /* SceneDelegate.swift in Sources */,
			);
			runOnlyForDeploymentPostprocessing = 0;
		};
		A7250B42268FFE96009FC477 /* Sources */ = {
			isa = PBXSourcesBuildPhase;
			buildActionMask = 2147483647;
			files = (
				A7250B4B268FFE96009FC477 /* iOSUITestTests.swift in Sources */,
			);
			runOnlyForDeploymentPostprocessing = 0;
		};
		A7250B4D268FFE96009FC477 /* Sources */ = {
			isa = PBXSourcesBuildPhase;
			buildActionMask = 2147483647;
			files = (
				A7250B56268FFE96009FC477 /* iOSUITestUITests.swift in Sources */,
			);
			runOnlyForDeploymentPostprocessing = 0;
		};
/* End PBXSourcesBuildPhase section */

/* Begin PBXTargetDependency section */
		A7250B48268FFE96009FC477 /* PBXTargetDependency */ = {
			isa = PBXTargetDependency;
			target = A7250B2F268FFE95009FC477 /* iOSUITest */;
			targetProxy = A7250B47268FFE96009FC477 /* PBXContainerItemProxy */;
		};
		A7250B53268FFE96009FC477 /* PBXTargetDependency */ = {
			isa = PBXTargetDependency;
			target = A7250B2F268FFE95009FC477 /* iOSUITest */;
			targetProxy = A7250B52268FFE96009FC477 /* PBXContainerItemProxy */;
		};
/* End PBXTargetDependency section */

/* Begin PBXVariantGroup section */
		A7250B39268FFE95009FC477 /* Main.storyboard */ = {
			isa = PBXVariantGroup;
			children = (
				A7250B3A268FFE95009FC477 /* Base */,
			);
			name = Main.storyboard;
			sourceTree = "<group>";
		};
		A7250B3E268FFE96009FC477 /* LaunchScreen.storyboard */ = {
			isa = PBXVariantGroup;
			children = (
				A7250B3F268FFE96009FC477 /* Base */,
			);
			name = LaunchScreen.storyboard;
			sourceTree = "<group>";
		};
/* End PBXVariantGroup section */

/* Begin XCBuildConfiguration section */
		A7250B58268FFE96009FC477 /* Debug */ = {
			isa = XCBuildConfiguration;
			buildSettings = {
				ALWAYS_SEARCH_USER_PATHS = NO;
				CLANG_ANALYZER_NONNULL = YES;
				CLANG_ANALYZER_NUMBER_OBJECT_CONVERSION = YES_AGGRESSIVE;
				CLANG_CXX_LANGUAGE_STANDARD = "gnu++14";
				CLANG_CXX_LIBRARY = "libc++";
				CLANG_ENABLE_MODULES = YES;
				CLANG_ENABLE_OBJC_ARC = YES;
				CLANG_ENABLE_OBJC_WEAK = YES;
				CLANG_WARN_BLOCK_CAPTURE_AUTORELEASING = YES;
				CLANG_WARN_BOOL_CONVERSION = YES;
				CLANG_WARN_COMMA = YES;
				CLANG_WARN_CONSTANT_CONVERSION = YES;
				CLANG_WARN_DEPRECATED_OBJC_IMPLEMENTATIONS = YES;
				CLANG_WARN_DIRECT_OBJC_ISA_USAGE = YES_ERROR;
				CLANG_WARN_DOCUMENTATION_COMMENTS = YES;
				CLANG_WARN_EMPTY_BODY = YES;
				CLANG_WARN_ENUM_CONVERSION = YES;
				CLANG_WARN_INFINITE_RECURSION = YES;
				CLANG_WARN_INT_CONVERSION = YES;
				CLANG_WARN_NON_LITERAL_NULL_CONVERSION = YES;
				CLANG_WARN_OBJC_IMPLICIT_RETAIN_SELF = YES;
				CLANG_WARN_OBJC_LITERAL_CONVERSION = YES;
				CLANG_WARN_OBJC_ROOT_CLASS = YES_ERROR;
				CLANG_WARN_QUOTED_INCLUDE_IN_FRAMEWORK_HEADER = YES;
				CLANG_WARN_RANGE_LOOP_ANALYSIS = YES;
				CLANG_WARN_STRICT_PROTOTYPES = YES;
				CLANG_WARN_SUSPICIOUS_MOVE = YES;
				CLANG_WARN_UNGUARDED_AVAILABILITY = YES_AGGRESSIVE;
				CLANG_WARN_UNREACHABLE_CODE = YES;
				CLANG_WARN__DUPLICATE_METHOD_MATCH = YES;
				COPY_PHASE_STRIP = NO;
				DEBUG_INFORMATION_FORMAT = dwarf;
				ENABLE_STRICT_OBJC_MSGSEND = YES;
				ENABLE_TESTABILITY = YES;
				GCC_C_LANGUAGE_STANDARD = gnu11;
				GCC_DYNAMIC_NO_PIC = NO;
				GCC_NO_COMMON_BLOCKS = YES;
				GCC_OPTIMIZATION_LEVEL = 0;
				GCC_PREPROCESSOR_DEFINITIONS = (
					"DEBUG=1",
					"$(inherited)",
				);
				GCC_WARN_64_TO_32_BIT_CONVERSION = YES;
				GCC_WARN_ABOUT_RETURN_TYPE = YES_ERROR;
				GCC_WARN_UNDECLARED_SELECTOR = YES;
				GCC_WARN_UNINITIALIZED_AUTOS = YES_AGGRESSIVE;
				GCC_WARN_UNUSED_FUNCTION = YES;
				GCC_WARN_UNUSED_VARIABLE = YES;
				IPHONEOS_DEPLOYMENT_TARGET = 14.5;
				MTL_ENABLE_DEBUG_INFO = INCLUDE_SOURCE;
				MTL_FAST_MATH = YES;
				ONLY_ACTIVE_ARCH = YES;
				SDKROOT = iphoneos;
				SWIFT_ACTIVE_COMPILATION_CONDITIONS = DEBUG;
				SWIFT_OPTIMIZATION_LEVEL = "-Onone";
			};
			name = Debug;
		};
		A7250B59268FFE96009FC477 /* Release */ = {
			isa = XCBuildConfiguration;
			buildSettings = {
				ALWAYS_SEARCH_USER_PATHS = NO;
				CLANG_ANALYZER_NONNULL = YES;
				CLANG_ANALYZER_NUMBER_OBJECT_CONVERSION = YES_AGGRESSIVE;
				CLANG_CXX_LANGUAGE_STANDARD = "gnu++14";
				CLANG_CXX_LIBRARY = "libc++";
				CLANG_ENABLE_MODULES = YES;
				CLANG_ENABLE_OBJC_ARC = YES;
				CLANG_ENABLE_OBJC_WEAK = YES;
				CLANG_WARN_BLOCK_CAPTURE_AUTORELEASING = YES;
				CLANG_WARN_BOOL_CONVERSION = YES;
				CLANG_WARN_COMMA = YES;
				CLANG_WARN_CONSTANT_CONVERSION = YES;
				CLANG_WARN_DEPRECATED_OBJC_IMPLEMENTATIONS = YES;
				CLANG_WARN_DIRECT_OBJC_ISA_USAGE = YES_ERROR;
				CLANG_WARN_DOCUMENTATION_COMMENTS = YES;
				CLANG_WARN_EMPTY_BODY = YES;
				CLANG_WARN_ENUM_CONVERSION = YES;
				CLANG_WARN_INFINITE_RECURSION = YES;
				CLANG_WARN_INT_CONVERSION = YES;
				CLANG_WARN_NON_LITERAL_NULL_CONVERSION = YES;
				CLANG_WARN_OBJC_IMPLICIT_RETAIN_SELF = YES;
				CLANG_WARN_OBJC_LITERAL_CONVERSION = YES;
				CLANG_WARN_OBJC_ROOT_CLASS = YES_ERROR;
				CLANG_WARN_QUOTED_INCLUDE_IN_FRAMEWORK_HEADER = YES;
				CLANG_WARN_RANGE_LOOP_ANALYSIS = YES;
				CLANG_WARN_STRICT_PROTOTYPES = YES;
				CLANG_WARN_SUSPICIOUS_MOVE = YES;
				CLANG_WARN_UNGUARDED_AVAILABILITY = YES_AGGRESSIVE;
				CLANG_WARN_UNREACHABLE_CODE = YES;
				CLANG_WARN__DUPLICATE_METHOD_MATCH = YES;
				COPY_PHASE_STRIP = NO;
				DEBUG_INFORMATION_FORMAT = "dwarf-with-dsym";
				ENABLE_NS_ASSERTIONS = NO;
				ENABLE_STRICT_OBJC_MSGSEND = YES;
				GCC_C_LANGUAGE_STANDARD = gnu11;
				GCC_NO_COMMON_BLOCKS = YES;
				GCC_WARN_64_TO_32_BIT_CONVERSION = YES;
				GCC_WARN_ABOUT_RETURN_TYPE = YES_ERROR;
				GCC_WARN_UNDECLARED_SELECTOR = YES;
				GCC_WARN_UNINITIALIZED_AUTOS = YES_AGGRESSIVE;
				GCC_WARN_UNUSED_FUNCTION = YES;
				GCC_WARN_UNUSED_VARIABLE = YES;
				IPHONEOS_DEPLOYMENT_TARGET = 14.5;
				MTL_ENABLE_DEBUG_INFO = NO;
				MTL_FAST_MATH = YES;
				SDKROOT = iphoneos;
				SWIFT_COMPILATION_MODE = wholemodule;
				SWIFT_OPTIMIZATION_LEVEL = "-O";
				VALIDATE_PRODUCT = YES;
			};
			name = Release;
		};
		A7250B5B268FFE96009FC477 /* Debug */ = {
			isa = XCBuildConfiguration;
			buildSettings = {
				ASSETCATALOG_COMPILER_APPICON_NAME = AppIcon;
				ASSETCATALOG_COMPILER_GLOBAL_ACCENT_COLOR_NAME = AccentColor;
				CODE_SIGN_STYLE = Automatic;
				INFOPLIST_FILE = iOSUITest/Info.plist;
				LD_RUNPATH_SEARCH_PATHS = (
					"$(inherited)",
					"@executable_path/Frameworks",
				);
				PRODUCT_BUNDLE_IDENTIFIER = com.saw.iOSUITest;
				PRODUCT_NAME = "$(TARGET_NAME)";
				SWIFT_VERSION = 5.0;
				TARGETED_DEVICE_FAMILY = "1,2";
			};
			name = Debug;
		};
		A7250B5C268FFE96009FC477 /* Release */ = {
			isa = XCBuildConfiguration;
			buildSettings = {
				ASSETCATALOG_COMPILER_APPICON_NAME = AppIcon;
				ASSETCATALOG_COMPILER_GLOBAL_ACCENT_COLOR_NAME = AccentColor;
				CODE_SIGN_STYLE = Automatic;
				INFOPLIST_FILE = iOSUITest/Info.plist;
				LD_RUNPATH_SEARCH_PATHS = (
					"$(inherited)",
					"@executable_path/Frameworks",
				);
				PRODUCT_BUNDLE_IDENTIFIER = com.saw.iOSUITest;
				PRODUCT_NAME = "$(TARGET_NAME)";
				SWIFT_VERSION = 5.0;
				TARGETED_DEVICE_FAMILY = "1,2";
			};
			name = Release;
		};
		A7250B5E268FFE96009FC477 /* Debug */ = {
			isa = XCBuildConfiguration;
			buildSettings = {
				ALWAYS_EMBED_SWIFT_STANDARD_LIBRARIES = YES;
				BUNDLE_LOADER = "$(TEST_HOST)";
				CODE_SIGN_STYLE = Automatic;
				INFOPLIST_FILE = iOSUITestTests/Info.plist;
				IPHONEOS_DEPLOYMENT_TARGET = 14.5;
				LD_RUNPATH_SEARCH_PATHS = (
					"$(inherited)",
					"@executable_path/Frameworks",
					"@loader_path/Frameworks",
				);
				PRODUCT_BUNDLE_IDENTIFIER = com.saw.iOSUITestTests;
				PRODUCT_NAME = "$(TARGET_NAME)";
				SWIFT_VERSION = 5.0;
				TARGETED_DEVICE_FAMILY = "1,2";
				TEST_HOST = "$(BUILT_PRODUCTS_DIR)/iOSUITest.app/iOSUITest";
			};
			name = Debug;
		};
		A7250B5F268FFE96009FC477 /* Release */ = {
			isa = XCBuildConfiguration;
			buildSettings = {
				ALWAYS_EMBED_SWIFT_STANDARD_LIBRARIES = YES;
				BUNDLE_LOADER = "$(TEST_HOST)";
				CODE_SIGN_STYLE = Automatic;
				INFOPLIST_FILE = iOSUITestTests/Info.plist;
				IPHONEOS_DEPLOYMENT_TARGET = 14.5;
				LD_RUNPATH_SEARCH_PATHS = (
					"$(inherited)",
					"@executable_path/Frameworks",
					"@loader_path/Frameworks",
				);
				PRODUCT_BUNDLE_IDENTIFIER = com.saw.iOSUITestTests;
				PRODUCT_NAME = "$(TARGET_NAME)";
				SWIFT_VERSION = 5.0;
				TARGETED_DEVICE_FAMILY = "1,2";
				TEST_HOST = "$(BUILT_PRODUCTS_DIR)/iOSUITest.app/iOSUITest";
			};
			name = Release;
		};
		A7250B61268FFE96009FC477 /* Debug */ = {
			isa = XCBuildConfiguration;
			buildSettings = {
				ALWAYS_EMBED_SWIFT_STANDARD_LIBRARIES = YES;
				CODE_SIGN_STYLE = Automatic;
				INFOPLIST_FILE = iOSUITestUITests/Info.plist;
				LD_RUNPATH_SEARCH_PATHS = (
					"$(inherited)",
					"@executable_path/Frameworks",
					"@loader_path/Frameworks",
				);
				PRODUCT_BUNDLE_IDENTIFIER = com.saw.iOSUITestUITests;
				PRODUCT_NAME = "$(TARGET_NAME)";
				SWIFT_VERSION = 5.0;
				TARGETED_DEVICE_FAMILY = "1,2";
				TEST_TARGET_NAME = iOSUITest;
			};
			name = Debug;
		};
		A7250B62268FFE96009FC477 /* Release */ = {
			isa = XCBuildConfiguration;
			buildSettings = {
				ALWAYS_EMBED_SWIFT_STANDARD_LIBRARIES = YES;
				CODE_SIGN_STYLE = Automatic;
				INFOPLIST_FILE = iOSUITestUITests/Info.plist;
				LD_RUNPATH_SEARCH_PATHS = (
					"$(inherited)",
					"@executable_path/Frameworks",
					"@loader_path/Frameworks",
				);
				PRODUCT_BUNDLE_IDENTIFIER = com.saw.iOSUITestUITests;
				PRODUCT_NAME = "$(TARGET_NAME)";
				SWIFT_VERSION = 5.0;
				TARGETED_DEVICE_FAMILY = "1,2";
				TEST_TARGET_NAME = iOSUITest;
			};
			name = Release;
		};
/* End XCBuildConfiguration section */

/* Begin XCConfigurationList section */
		A7250B2B268FFE95009FC477 /* Build configuration list for PBXProject "iOSUITest" */ = {
			isa = XCConfigurationList;
			buildConfigurations = (
				A7250B58268FFE96009FC477 /* Debug */,
				A7250B59268FFE96009FC477 /* Release */,
			);
			defaultConfigurationIsVisible = 0;
			defaultConfigurationName = Release;
		};
		A7250B5A268FFE96009FC477 /* Build configuration list for PBXNativeTarget "iOSUITest" */ = {
			isa = XCConfigurationList;
			buildConfigurations = (
				A7250B5B268FFE96009FC477 /* Debug */,
				A7250B5C268FFE96009FC477 /* Release */,
			);
			defaultConfigurationIsVisible = 0;
			defaultConfigurationName = Release;
		};
		A7250B5D268FFE96009FC477 /* Build configuration list for PBXNativeTarget "iOSUITestTests" */ = {
			isa = XCConfigurationList;
			buildConfigurations = (
				A7250B5E268FFE96009FC477 /* Debug */,
				A7250B5F268FFE96009FC477 /* Release */,
			);
			defaultConfigurationIsVisible = 0;
			defaultConfigurationName = Release;
		};
		A7250B60268FFE96009FC477 /* Build configuration list for PBXNativeTarget "iOSUITestUITests" */ = {
			isa = XCConfigurationList;
			buildConfigurations = (
				A7250B61268FFE96009FC477 /* Debug */,
				A7250B62268FFE96009FC477 /* Release */,
			);
			defaultConfigurationIsVisible = 0;
			defaultConfigurationName = Release;
		};
/* End XCConfigurationList section */
	};
	rootObject = A7250B28268FFE95009FC477 /* Project object */;
}
